
Microsoft Visual Studio Solution File, Format Version 12.00
# Visual Studio Version 16
VisualStudioVersion = 16.0.30717.126
MinimumVisualStudioVersion = 10.0.40219.1
Project("{9A19103F-16F7-4668-BE54-9A1E7A4F7556}") = "Sudoku Solver", "Sudoku Solver.csproj", "{811E3663-80C4-43D1-8999-2D264DCAD6A3}"
EndProject
Project("{2150E333-8FDC-42A3-9474-1A3956D46DE8}") = "Solution Items", "Solution Items", "{59EEE07A-5183-49A3-B75B-61141BC96440}"
EndProject
Global
	GlobalSection(SolutionConfigurationPlatforms) = preSolution
		Debug|Any CPU = Debug|Any CPU
		ExportDebug|Any CPU = ExportDebug|Any CPU
		ExportRelease|Any CPU = ExportRelease|Any CPU
	EndGlobalSection
	GlobalSection(ProjectConfigurationPlatforms) = postSolution
		{811E3663-80C4-43D1-8999-2D264DCAD6A3}.Debug|Any CPU.ActiveCfg = Debug|Any CPU
		{811E3663-80C4-43D1-8999-2D264DCAD6A3}.Debug|Any CPU.Build.0 = Debug|Any CPU
		{811E3663-80C4-43D1-8999-2D264DCAD6A3}.ExportDebug|Any CPU.ActiveCfg = ExportDebug|Any CPU
		{811E3663-80C4-43D1-8999-2D264DCAD6A3}.ExportDebug|Any CPU.Build.0 = ExportDebug|Any CPU
		{811E3663-80C4-43D1-8999-2D264DCAD6A3}.ExportRelease|Any CPU.ActiveCfg = ExportRelease|Any CPU
		{811E3663-80C4-43D1-8999-2D264DCAD6A3}.ExportRelease|Any CPU.Build.0 = ExportRelease|Any CPU
	EndGlobalSection
	GlobalSection(SolutionProperties) = preSolution
		HideSolutionNode = FALSE
	EndGlobalSection
	GlobalSection(ExtensibilityGlobals) = postSolution
		SolutionGuid = {A05CF75D-4AB4-49DE-9E09-A0256BC66676}
	EndGlobalSection
EndGlobal
